github.com/golang-jwt/jwt/v5 v5.3.0 h1:pv4AsKCKKZuqlgs5sUmn4x8UlGa0kEVt/puTpKx9vvo=
github.com/golang-jwt/jwt/v5 v5.3.0/go.mod h1:fxCRLWMO43lRc8nhHWY6LGqRcf+1gQWArsqaEUEa5bE=
github.com/rs/cors v1.11.1 h1:eU3gRzXLRK57F5rKMGMZURNdIG4EoAmX8k94r9wXWHA=
github.com/rs/cors v1.11.1/go.mod h1:XyqrcTp5zjWr1wsJ8PIRZssZ8b/WMcMf71DJnit4EMU=
github.com/shogo82148/androidbinary v1.0.5 h1:7afvcNw+vT84R0ugrL/u/DIrGYylC66yNvt0Y0j7rrM=
github.com/shogo82148/androidbinary v1.0.5/go.mod h1:FzpR5bLAXR3VsAUG4BRCFaUm0WV6YD4Ldu+m05tr9Vk=
